// !$*UTF8*$!
{
	archiveVersion = 1;
	classes = {
	};
	objectVersion = 46;
	objects = {

/* Begin PBXBuildFile section */
		A408468BCD408ED97579EBCA /* libPods-VerizonTest.a in Frameworks */ = {isa = PBXBuildFile; fileRef = 3D7C0103A830137795300760 /* libPods-VerizonTest.a */; };
		C124296A1D19F2BB00CEABBF /* main.m in Sources */ = {isa = PBXBuildFile; fileRef = C12429691D19F2BB00CEABBF /* main.m */; };
		C124296D1D19F2BB00CEABBF /* AppDelegate.mm in Sources */ = {isa = PBXBuildFile; fileRef = C124296C1D19F2BB00CEABBF /* AppDelegate.mm */; };
		C12429741D19F2BB00CEABBF /* GameViewController.mm in Sources */ = {isa = PBXBuildFile; fileRef = C12429731D19F2BB00CEABBF /* GameViewController.mm */; };
		C12429771D19F2BB00CEABBF /* Main.storyboard in Resources */ = {isa = PBXBuildFile; fileRef = C12429751D19F2BB00CEABBF /* Main.storyboard */; };
		C12429791D19F2BB00CEABBF /* Assets.xcassets in Resources */ = {isa = PBXBuildFile; fileRef = C12429781D19F2BB00CEABBF /* Assets.xcassets */; };
		C124297C1D19F2BB00CEABBF /* LaunchScreen.storyboard in Resources */ = {isa = PBXBuildFile; fileRef = C124297A1D19F2BB00CEABBF /* LaunchScreen.storyboard */; };
		C12429871D19F2BB00CEABBF /* VerizonTestTests.m in Sources */ = {isa = PBXBuildFile; fileRef = C12429861D19F2BB00CEABBF /* VerizonTestTests.m */; };
		C12429921D19F2BB00CEABBF /* VerizonTestUITests.m in Sources */ = {isa = PBXBuildFile; fileRef = C12429911D19F2BB00CEABBF /* VerizonTestUITests.m */; };
		C12429A41D19F50D00CEABBF /* Cubenado.cpp in Sources */ = {isa = PBXBuildFile; fileRef = C12429A21D19F50D00CEABBF /* Cubenado.cpp */; };
		C12429A71D19FE8F00CEABBF /* Shader.cpp in Sources */ = {isa = PBXBuildFile; fileRef = C12429A51D19FE8F00CEABBF /* Shader.cpp */; };
		C12429AD1D19FEE100CEABBF /* Node.cpp in Sources */ = {isa = PBXBuildFile; fileRef = C12429AB1D19FEE100CEABBF /* Node.cpp */; };
		C12429B01D19FEF300CEABBF /* Camera.cpp in Sources */ = {isa = PBXBuildFile; fileRef = C12429AE1D19FEF300CEABBF /* Camera.cpp */; };
		C1242DD61D1A1E2000CEABBF /* assets in Resources */ = {isa = PBXBuildFile; fileRef = C1242DD51D1A1E2000CEABBF /* assets */; };
		C1242DD91D1A1FFD00CEABBF /* Scene.cpp in Sources */ = {isa = PBXBuildFile; fileRef = C1242DD71D1A1FFD00CEABBF /* Scene.cpp */; };
		C1242DDD1D1B311000CEABBF /* AbstractDecorator.cpp in Sources */ = {isa = PBXBuildFile; fileRef = C1242DDB1D1B311000CEABBF /* AbstractDecorator.cpp */; };
		C14850411D69487B00992B05 /* GLKit.framework in Frameworks */ = {isa = PBXBuildFile; fileRef = C148503F1D69487B00992B05 /* GLKit.framework */; };
		C14850421D69487B00992B05 /* OpenGLES.framework in Frameworks */ = {isa = PBXBuildFile; fileRef = C14850401D69487B00992B05 /* OpenGLES.framework */; };
		C149C1801D221A1F00988F89 /* Geometry.cpp in Sources */ = {isa = PBXBuildFile; fileRef = C149C17E1D221A1F00988F89 /* Geometry.cpp */; };
		C149C18D1D2338A700988F89 /* MeshGeometry.cpp in Sources */ = {isa = PBXBuildFile; fileRef = C149C18B1D2338A700988F89 /* MeshGeometry.cpp */; };
		C183AB301D5EC29700EAB8AB /* Material.cpp in Sources */ = {isa = PBXBuildFile; fileRef = C183AB2E1D5EC29700EAB8AB /* Material.cpp */; };
		C183AB331D5EC6AF00EAB8AB /* MaterialProperty.cpp in Sources */ = {isa = PBXBuildFile; fileRef = C183AB311D5EC6AF00EAB8AB /* MaterialProperty.cpp */; };
		C19DF49F1D63539300AEA119 /* AbstractFrameBuffer.cpp in Sources */ = {isa = PBXBuildFile; fileRef = C19DF49D1D63539300AEA119 /* AbstractFrameBuffer.cpp */; };
		C19DF4A21D65F19600AEA119 /* SceneFrameBuffer.cpp in Sources */ = {isa = PBXBuildFile; fileRef = C19DF4A01D65F19600AEA119 /* SceneFrameBuffer.cpp */; };
/* End PBXBuildFile section */

/* Begin PBXContainerItemProxy section */
		C12429831D19F2BB00CEABBF /* PBXContainerItemProxy */ = {
			isa = PBXContainerItemProxy;
			containerPortal = C124295D1D19F2BB00CEABBF /* Project object */;
			proxyType = 1;
			remoteGlobalIDString = C12429641D19F2BB00CEABBF;
			remoteInfo = VerizonTest;
		};
		C124298E1D19F2BB00CEABBF /* PBXContainerItemProxy */ = {
			isa = PBXContainerItemProxy;
			containerPortal = C124295D1D19F2BB00CEABBF /* Project object */;
			proxyType = 1;
			remoteGlobalIDString = C12429641D19F2BB00CEABBF;
			remoteInfo = VerizonTest;
		};
/* End PBXContainerItemProxy section */

/* Begin PBXFileReference section */
		3D7C0103A830137795300760 /* libPods-VerizonTest.a */ = {isa = PBXFileReference; explicitFileType = archive.ar; includeInIndex = 0; path = "libPods-VerizonTest.a"; sourceTree = BUILT_PRODUCTS_DIR; };
		C12429651D19F2BB00CEABBF /* VerizonTest.app */ = {isa = PBXFileReference; explicitFileType = wrapper.application; includeInIndex = 0; path = VerizonTest.app; sourceTree = BUILT_PRODUCTS_DIR; };
		C12429691D19F2BB00CEABBF /* main.m */ = {isa = PBXFileReference; lastKnownFileType = sourcecode.c.objc; path = main.m; sourceTree = "<group>"; };
		C124296B1D19F2BB00CEABBF /* AppDelegate.h */ = {isa = PBXFileReference; lastKnownFileType = sourcecode.c.h; path = AppDelegate.h; sourceTree = "<group>"; };
		C124296C1D19F2BB00CEABBF /* AppDelegate.mm */ = {isa = PBXFileReference; lastKnownFileType = sourcecode.cpp.objcpp; path = AppDelegate.mm; sourceTree = "<group>"; };
		C12429721D19F2BB00CEABBF /* GameViewController.h */ = {isa = PBXFileReference; lastKnownFileType = sourcecode.c.h; path = GameViewController.h; sourceTree = "<group>"; };
		C12429731D19F2BB00CEABBF /* GameViewController.mm */ = {isa = PBXFileReference; lastKnownFileType = sourcecode.cpp.objcpp; path = GameViewController.mm; sourceTree = "<group>"; };
		C12429761D19F2BB00CEABBF /* Base */ = {isa = PBXFileReference; lastKnownFileType = file.storyboard; name = Base; path = Base.lproj/Main.storyboard; sourceTree = "<group>"; };
		C12429781D19F2BB00CEABBF /* Assets.xcassets */ = {isa = PBXFileReference; lastKnownFileType = folder.assetcatalog; path = Assets.xcassets; sourceTree = "<group>"; };
		C124297B1D19F2BB00CEABBF /* Base */ = {isa = PBXFileReference; lastKnownFileType = file.storyboard; name = Base; path = Base.lproj/LaunchScreen.storyboard; sourceTree = "<group>"; };
		C124297D1D19F2BB00CEABBF /* Info.plist */ = {isa = PBXFileReference; lastKnownFileType = text.plist.xml; path = Info.plist; sourceTree = "<group>"; };
		C12429821D19F2BB00CEABBF /* VerizonTestTests.xctest */ = {isa = PBXFileReference; explicitFileType = wrapper.cfbundle; includeInIndex = 0; path = VerizonTestTests.xctest; sourceTree = BUILT_PRODUCTS_DIR; };
		C12429861D19F2BB00CEABBF /* VerizonTestTests.m */ = {isa = PBXFileReference; lastKnownFileType = sourcecode.c.objc; path = VerizonTestTests.m; sourceTree = "<group>"; };
		C12429881D19F2BB00CEABBF /* Info.plist */ = {isa = PBXFileReference; lastKnownFileType = text.plist.xml; path = Info.plist; sourceTree = "<group>"; };
		C124298D1D19F2BB00CEABBF /* VerizonTestUITests.xctest */ = {isa = PBXFileReference; explicitFileType = wrapper.cfbundle; includeInIndex = 0; path = VerizonTestUITests.xctest; sourceTree = BUILT_PRODUCTS_DIR; };
		C12429911D19F2BB00CEABBF /* VerizonTestUITests.m */ = {isa = PBXFileReference; lastKnownFileType = sourcecode.c.objc; path = VerizonTestUITests.m; sourceTree = "<group>"; };
		C12429931D19F2BB00CEABBF /* Info.plist */ = {isa = PBXFileReference; lastKnownFileType = text.plist.xml; path = Info.plist; sourceTree = "<group>"; };
		C12429A21D19F50D00CEABBF /* Cubenado.cpp */ = {isa = PBXFileReference; fileEncoding = 4; lastKnownFileType = sourcecode.cpp.cpp; path = Cubenado.cpp; sourceTree = "<group>"; };
		C12429A31D19F50D00CEABBF /* Cubenado.hpp */ = {isa = PBXFileReference; fileEncoding = 4; lastKnownFileType = sourcecode.cpp.h; path = Cubenado.hpp; sourceTree = "<group>"; };
		C12429A51D19FE8F00CEABBF /* Shader.cpp */ = {isa = PBXFileReference; fileEncoding = 4; lastKnownFileType = sourcecode.cpp.cpp; path = Shader.cpp; sourceTree = "<group>"; };
		C12429A61D19FE8F00CEABBF /* Shader.h */ = {isa = PBXFileReference; fileEncoding = 4; lastKnownFileType = sourcecode.c.h; path = Shader.h; sourceTree = "<group>"; };
		C12429AB1D19FEE100CEABBF /* Node.cpp */ = {isa = PBXFileReference; fileEncoding = 4; lastKnownFileType = sourcecode.cpp.cpp; path = Node.cpp; sourceTree = "<group>"; };
		C12429AC1D19FEE100CEABBF /* Node.h */ = {isa = PBXFileReference; fileEncoding = 4; lastKnownFileType = sourcecode.c.h; path = Node.h; sourceTree = "<group>"; };
		C12429AE1D19FEF300CEABBF /* Camera.cpp */ = {isa = PBXFileReference; fileEncoding = 4; lastKnownFileType = sourcecode.cpp.cpp; path = Camera.cpp; sourceTree = "<group>"; };
		C12429AF1D19FEF300CEABBF /* Camera.h */ = {isa = PBXFileReference; fileEncoding = 4; lastKnownFileType = sourcecode.c.h; path = Camera.h; sourceTree = "<group>"; };
		C1242DD51D1A1E2000CEABBF /* assets */ = {isa = PBXFileReference; lastKnownFileType = folder; path = assets; sourceTree = "<group>"; };
		C1242DD71D1A1FFD00CEABBF /* Scene.cpp */ = {isa = PBXFileReference; fileEncoding = 4; lastKnownFileType = sourcecode.cpp.cpp; path = Scene.cpp; sourceTree = "<group>"; };
		C1242DD81D1A1FFD00CEABBF /* Scene.h */ = {isa = PBXFileReference; fileEncoding = 4; lastKnownFileType = sourcecode.c.h; path = Scene.h; sourceTree = "<group>"; };
		C1242DDB1D1B311000CEABBF /* AbstractDecorator.cpp */ = {isa = PBXFileReference; fileEncoding = 4; lastKnownFileType = sourcecode.cpp.cpp; path = AbstractDecorator.cpp; sourceTree = "<group>"; };
		C1242DDC1D1B311000CEABBF /* AbstractDecorator.hpp */ = {isa = PBXFileReference; fileEncoding = 4; lastKnownFileType = sourcecode.cpp.h; path = AbstractDecorator.hpp; sourceTree = "<group>"; };
		C148503F1D69487B00992B05 /* GLKit.framework */ = {isa = PBXFileReference; lastKnownFileType = wrapper.framework; name = GLKit.framework; path = System/Library/Frameworks/GLKit.framework; sourceTree = SDKROOT; };
		C14850401D69487B00992B05 /* OpenGLES.framework */ = {isa = PBXFileReference; lastKnownFileType = wrapper.framework; name = OpenGLES.framework; path = System/Library/Frameworks/OpenGLES.framework; sourceTree = SDKROOT; };
		C149C17E1D221A1F00988F89 /* Geometry.cpp */ = {isa = PBXFileReference; fileEncoding = 4; lastKnownFileType = sourcecode.cpp.cpp; path = Geometry.cpp; sourceTree = "<group>"; };
		C149C17F1D221A1F00988F89 /* Geometry.h */ = {isa = PBXFileReference; fileEncoding = 4; lastKnownFileType = sourcecode.c.h; path = Geometry.h; sourceTree = "<group>"; };
		C149C18B1D2338A700988F89 /* MeshGeometry.cpp */ = {isa = PBXFileReference; fileEncoding = 4; lastKnownFileType = sourcecode.cpp.cpp; path = MeshGeometry.cpp; sourceTree = "<group>"; };
		C149C18C1D2338A700988F89 /* MeshGeometry.h */ = {isa = PBXFileReference; fileEncoding = 4; lastKnownFileType = sourcecode.c.h; path = MeshGeometry.h; sourceTree = "<group>"; };
		C183AB2E1D5EC29700EAB8AB /* Material.cpp */ = {isa = PBXFileReference; fileEncoding = 4; lastKnownFileType = sourcecode.cpp.cpp; path = Material.cpp; sourceTree = "<group>"; };
		C183AB2F1D5EC29700EAB8AB /* Material.hpp */ = {isa = PBXFileReference; fileEncoding = 4; lastKnownFileType = sourcecode.cpp.h; path = Material.hpp; sourceTree = "<group>"; };
		C183AB311D5EC6AF00EAB8AB /* MaterialProperty.cpp */ = {isa = PBXFileReference; fileEncoding = 4; lastKnownFileType = sourcecode.cpp.cpp; path = MaterialProperty.cpp; sourceTree = "<group>"; };
		C183AB321D5EC6AF00EAB8AB /* MaterialProperty.hpp */ = {isa = PBXFileReference; fileEncoding = 4; lastKnownFileType = sourcecode.cpp.h; path = MaterialProperty.hpp; sourceTree = "<group>"; };
		C19DF49D1D63539300AEA119 /* AbstractFrameBuffer.cpp */ = {isa = PBXFileReference; fileEncoding = 4; lastKnownFileType = sourcecode.cpp.cpp; path = AbstractFrameBuffer.cpp; sourceTree = "<group>"; };
		C19DF49E1D63539300AEA119 /* AbstractFrameBuffer.hpp */ = {isa = PBXFileReference; fileEncoding = 4; lastKnownFileType = sourcecode.cpp.h; path = AbstractFrameBuffer.hpp; sourceTree = "<group>"; };
		C19DF4A01D65F19600AEA119 /* SceneFrameBuffer.cpp */ = {isa = PBXFileReference; fileEncoding = 4; lastKnownFileType = sourcecode.cpp.cpp; path = SceneFrameBuffer.cpp; sourceTree = "<group>"; };
		C19DF4A11D65F19600AEA119 /* SceneFrameBuffer.hpp */ = {isa = PBXFileReference; fileEncoding = 4; lastKnownFileType = sourcecode.cpp.h; path = SceneFrameBuffer.hpp; sourceTree = "<group>"; };
		C5BBBB5F935C45E7A9F8EA84 /* Pods-VerizonTest.release.xcconfig */ = {isa = PBXFileReference; includeInIndex = 1; lastKnownFileType = text.xcconfig; name = "Pods-VerizonTest.release.xcconfig"; path = "Pods/Target Support Files/Pods-VerizonTest/Pods-VerizonTest.release.xcconfig"; sourceTree = "<group>"; };
		C7A9C7528DDDC86DAAD0C386 /* Pods-VerizonTest.debug.xcconfig */ = {isa = PBXFileReference; includeInIndex = 1; lastKnownFileType = text.xcconfig; name = "Pods-VerizonTest.debug.xcconfig"; path = "Pods/Target Support Files/Pods-VerizonTest/Pods-VerizonTest.debug.xcconfig"; sourceTree = "<group>"; };
/* End PBXFileReference section */

/* Begin PBXFrameworksBuildPhase section */
		C12429621D19F2BB00CEABBF /* Frameworks */ = {
			isa = PBXFrameworksBuildPhase;
			buildActionMask = 2147483647;
			files = (
				C14850411D69487B00992B05 /* GLKit.framework in Frameworks */,
				C14850421D69487B00992B05 /* OpenGLES.framework in Frameworks */,
				A408468BCD408ED97579EBCA /* libPods-VerizonTest.a in Frameworks */,
			);
			runOnlyForDeploymentPostprocessing = 0;
		};
		C124297F1D19F2BB00CEABBF /* Frameworks */ = {
			isa = PBXFrameworksBuildPhase;
			buildActionMask = 2147483647;
			files = (
			);
			runOnlyForDeploymentPostprocessing = 0;
		};
		C124298A1D19F2BB00CEABBF /* Frameworks */ = {
			isa = PBXFrameworksBuildPhase;
			buildActionMask = 2147483647;
			files = (
			);
			runOnlyForDeploymentPostprocessing = 0;
		};
/* End PBXFrameworksBuildPhase section */

/* Begin PBXGroup section */
		3010D5812404EC6DF8D4B45D /* Frameworks */ = {
			isa = PBXGroup;
			children = (
				C148503F1D69487B00992B05 /* GLKit.framework */,
				C14850401D69487B00992B05 /* OpenGLES.framework */,
				3D7C0103A830137795300760 /* libPods-VerizonTest.a */,
			);
			name = Frameworks;
			sourceTree = "<group>";
		};
		7EBE915F161F9CA5B969FF58 /* Pods */ = {
			isa = PBXGroup;
			children = (
				C7A9C7528DDDC86DAAD0C386 /* Pods-VerizonTest.debug.xcconfig */,
				C5BBBB5F935C45E7A9F8EA84 /* Pods-VerizonTest.release.xcconfig */,
			);
			name = Pods;
			sourceTree = "<group>";
		};
		C124295C1D19F2BB00CEABBF = {
			isa = PBXGroup;
			children = (
				C12429671D19F2BB00CEABBF /* VerizonTest */,
				C12429851D19F2BB00CEABBF /* VerizonTestTests */,
				C12429901D19F2BB00CEABBF /* VerizonTestUITests */,
				C12429661D19F2BB00CEABBF /* Products */,
				7EBE915F161F9CA5B969FF58 /* Pods */,
				3010D5812404EC6DF8D4B45D /* Frameworks */,
			);
			sourceTree = "<group>";
		};
		C12429661D19F2BB00CEABBF /* Products */ = {
			isa = PBXGroup;
			children = (
				C12429651D19F2BB00CEABBF /* VerizonTest.app */,
				C12429821D19F2BB00CEABBF /* VerizonTestTests.xctest */,
				C124298D1D19F2BB00CEABBF /* VerizonTestUITests.xctest */,
			);
			name = Products;
			sourceTree = "<group>";
		};
		C12429671D19F2BB00CEABBF /* VerizonTest */ = {
			isa = PBXGroup;
			children = (
				C1242DD51D1A1E2000CEABBF /* assets */,
				C12429A01D19F50D00CEABBF /* src */,
				C124296B1D19F2BB00CEABBF /* AppDelegate.h */,
				C124296C1D19F2BB00CEABBF /* AppDelegate.mm */,
				C12429721D19F2BB00CEABBF /* GameViewController.h */,
				C12429731D19F2BB00CEABBF /* GameViewController.mm */,
				C12429751D19F2BB00CEABBF /* Main.storyboard */,
				C12429781D19F2BB00CEABBF /* Assets.xcassets */,
				C124297A1D19F2BB00CEABBF /* LaunchScreen.storyboard */,
				C124297D1D19F2BB00CEABBF /* Info.plist */,
				C12429681D19F2BB00CEABBF /* Supporting Files */,
			);
			path = VerizonTest;
			sourceTree = "<group>";
		};
		C12429681D19F2BB00CEABBF /* Supporting Files */ = {
			isa = PBXGroup;
			children = (
				C12429691D19F2BB00CEABBF /* main.m */,
			);
			name = "Supporting Files";
			sourceTree = "<group>";
		};
		C12429851D19F2BB00CEABBF /* VerizonTestTests */ = {
			isa = PBXGroup;
			children = (
				C12429861D19F2BB00CEABBF /* VerizonTestTests.m */,
				C12429881D19F2BB00CEABBF /* Info.plist */,
			);
			path = VerizonTestTests;
			sourceTree = "<group>";
		};
		C12429901D19F2BB00CEABBF /* VerizonTestUITests */ = {
			isa = PBXGroup;
			children = (
				C12429911D19F2BB00CEABBF /* VerizonTestUITests.m */,
				C12429931D19F2BB00CEABBF /* Info.plist */,
			);
			path = VerizonTestUITests;
			sourceTree = "<group>";
		};
		C12429A01D19F50D00CEABBF /* src */ = {
			isa = PBXGroup;
			children = (
				C12429A11D19F50D00CEABBF /* MySource */,
			);
			path = src;
			sourceTree = "<group>";
		};
		C12429A11D19F50D00CEABBF /* MySource */ = {
			isa = PBXGroup;
			children = (
				C149C1871D221A5000988F89 /* Geometry */,
				C1242DDB1D1B311000CEABBF /* AbstractDecorator.cpp */,
				C1242DDC1D1B311000CEABBF /* AbstractDecorator.hpp */,
				C12429A31D19F50D00CEABBF /* Cubenado.hpp */,
				C12429A21D19F50D00CEABBF /* Cubenado.cpp */,
				C12429A61D19FE8F00CEABBF /* Shader.h */,
				C12429A51D19FE8F00CEABBF /* Shader.cpp */,
				C12429AC1D19FEE100CEABBF /* Node.h */,
				C12429AB1D19FEE100CEABBF /* Node.cpp */,
				C12429AF1D19FEF300CEABBF /* Camera.h */,
				C12429AE1D19FEF300CEABBF /* Camera.cpp */,
				C1242DD81D1A1FFD00CEABBF /* Scene.h */,
				C1242DD71D1A1FFD00CEABBF /* Scene.cpp */,
				C183AB2F1D5EC29700EAB8AB /* Material.hpp */,
				C183AB2E1D5EC29700EAB8AB /* Material.cpp */,
				C183AB321D5EC6AF00EAB8AB /* MaterialProperty.hpp */,
				C183AB311D5EC6AF00EAB8AB /* MaterialProperty.cpp */,
				C19DF49E1D63539300AEA119 /* AbstractFrameBuffer.hpp */,
				C19DF49D1D63539300AEA119 /* AbstractFrameBuffer.cpp */,
				C19DF4A11D65F19600AEA119 /* SceneFrameBuffer.hpp */,
				C19DF4A01D65F19600AEA119 /* SceneFrameBuffer.cpp */,
			);
			path = MySource;
			sourceTree = "<group>";
		};
		C149C1871D221A5000988F89 /* Geometry */ = {
			isa = PBXGroup;
			children = (
				C149C17F1D221A1F00988F89 /* Geometry.h */,
				C149C17E1D221A1F00988F89 /* Geometry.cpp */,
				C149C18C1D2338A700988F89 /* MeshGeometry.h */,
				C149C18B1D2338A700988F89 /* MeshGeometry.cpp */,
			);
			name = Geometry;
			sourceTree = "<group>";
		};
/* End PBXGroup section */

/* Begin PBXNativeTarget section */
		C12429641D19F2BB00CEABBF /* VerizonTest */ = {
			isa = PBXNativeTarget;
			buildConfigurationList = C12429961D19F2BB00CEABBF /* Build configuration list for PBXNativeTarget "VerizonTest" */;
			buildPhases = (
				872A8D9EB8A1B0F129AA75F5 /* [CP] Check Pods Manifest.lock */,
				C12429611D19F2BB00CEABBF /* Sources */,
				C12429621D19F2BB00CEABBF /* Frameworks */,
				C12429631D19F2BB00CEABBF /* Resources */,
				C916163ADE4709B409AE89E9 /* [CP] Embed Pods Frameworks */,
				D5C1EC74ED83441DC37FF0C0 /* [CP] Copy Pods Resources */,
			);
			buildRules = (
			);
			dependencies = (
			);
			name = VerizonTest;
			productName = VerizonTest;
			productReference = C12429651D19F2BB00CEABBF /* VerizonTest.app */;
			productType = "com.apple.product-type.application";
		};
		C12429811D19F2BB00CEABBF /* VerizonTestTests */ = {
			isa = PBXNativeTarget;
			buildConfigurationList = C12429991D19F2BB00CEABBF /* Build configuration list for PBXNativeTarget "VerizonTestTests" */;
			buildPhases = (
				C124297E1D19F2BB00CEABBF /* Sources */,
				C124297F1D19F2BB00CEABBF /* Frameworks */,
				C12429801D19F2BB00CEABBF /* Resources */,
			);
			buildRules = (
			);
			dependencies = (
				C12429841D19F2BB00CEABBF /* PBXTargetDependency */,
			);
			name = VerizonTestTests;
			productName = VerizonTestTests;
			productReference = C12429821D19F2BB00CEABBF /* VerizonTestTests.xctest */;
			productType = "com.apple.product-type.bundle.unit-test";
		};
		C124298C1D19F2BB00CEABBF /* VerizonTestUITests */ = {
			isa = PBXNativeTarget;
			buildConfigurationList = C124299C1D19F2BB00CEABBF /* Build configuration list for PBXNativeTarget "VerizonTestUITests" */;
			buildPhases = (
				C12429891D19F2BB00CEABBF /* Sources */,
				C124298A1D19F2BB00CEABBF /* Frameworks */,
				C124298B1D19F2BB00CEABBF /* Resources */,
			);
			buildRules = (
			);
			dependencies = (
				C124298F1D19F2BB00CEABBF /* PBXTargetDependency */,
			);
			name = VerizonTestUITests;
			productName = VerizonTestUITests;
			productReference = C124298D1D19F2BB00CEABBF /* VerizonTestUITests.xctest */;
			productType = "com.apple.product-type.bundle.ui-testing";
		};
/* End PBXNativeTarget section */

/* Begin PBXProject section */
		C124295D1D19F2BB00CEABBF /* Project object */ = {
			isa = PBXProject;
			attributes = {
				LastUpgradeCheck = 0730;
				ORGANIZATIONNAME = "NJLIGames Ltd.";
				TargetAttributes = {
					C12429641D19F2BB00CEABBF = {
						CreatedOnToolsVersion = 7.3.1;
						DevelopmentTeam = SRBQ5SCF5X;
					};
					C12429811D19F2BB00CEABBF = {
						CreatedOnToolsVersion = 7.3.1;
						TestTargetID = C12429641D19F2BB00CEABBF;
					};
					C124298C1D19F2BB00CEABBF = {
						CreatedOnToolsVersion = 7.3.1;
						TestTargetID = C12429641D19F2BB00CEABBF;
					};
				};
			};
			buildConfigurationList = C12429601D19F2BB00CEABBF /* Build configuration list for PBXProject "VerizonTest" */;
			compatibilityVersion = "Xcode 3.2";
			developmentRegion = English;
			hasScannedForEncodings = 0;
			knownRegions = (
				English,
				en,
				Base,
			);
			mainGroup = C124295C1D19F2BB00CEABBF;
			productRefGroup = C12429661D19F2BB00CEABBF /* Products */;
			projectDirPath = "";
			projectRoot = "";
			targets = (
				C12429641D19F2BB00CEABBF /* VerizonTest */,
				C12429811D19F2BB00CEABBF /* VerizonTestTests */,
				C124298C1D19F2BB00CEABBF /* VerizonTestUITests */,
			);
		};
/* End PBXProject section */

/* Begin PBXResourcesBuildPhase section */
		C12429631D19F2BB00CEABBF /* Resources */ = {
			isa = PBXResourcesBuildPhase;
			buildActionMask = 2147483647;
			files = (
				C12429771D19F2BB00CEABBF /* Main.storyboard in Resources */,
				C1242DD61D1A1E2000CEABBF /* assets in Resources */,
				C12429791D19F2BB00CEABBF /* Assets.xcassets in Resources */,
				C124297C1D19F2BB00CEABBF /* LaunchScreen.storyboard in Resources */,
			);
			runOnlyForDeploymentPostprocessing = 0;
		};
		C12429801D19F2BB00CEABBF /* Resources */ = {
			isa = PBXResourcesBuildPhase;
			buildActionMask = 2147483647;
			files = (
			);
			runOnlyForDeploymentPostprocessing = 0;
		};
		C124298B1D19F2BB00CEABBF /* Resources */ = {
			isa = PBXResourcesBuildPhase;
			buildActionMask = 2147483647;
			files = (
			);
			runOnlyForDeploymentPostprocessing = 0;
		};
/* End PBXResourcesBuildPhase section */

/* Begin PBXShellScriptBuildPhase section */
		872A8D9EB8A1B0F129AA75F5 /* [CP] Check Pods Manifest.lock */ = {
			isa = PBXShellScriptBuildPhase;
			buildActionMask = 2147483647;
			files = (
			);
			inputPaths = (
			);
			name = "[CP] Check Pods Manifest.lock";
			outputPaths = (
			);
			runOnlyForDeploymentPostprocessing = 0;
			shellPath = /bin/sh;
			shellScript = "diff \"${PODS_ROOT}/../Podfile.lock\" \"${PODS_ROOT}/Manifest.lock\" > /dev/null\nif [[ $? != 0 ]] ; then\n    cat << EOM\nerror: The sandbox is not in sync with the Podfile.lock. Run 'pod install' or update your CocoaPods installation.\nEOM\n    exit 1\nfi\n";
			showEnvVarsInLog = 0;
		};
		C916163ADE4709B409AE89E9 /* [CP] Embed Pods Frameworks */ = {
			isa = PBXShellScriptBuildPhase;
			buildActionMask = 2147483647;
			files = (
			);
			inputPaths = (
			);
			name = "[CP] Embed Pods Frameworks";
			outputPaths = (
			);
			runOnlyForDeploymentPostprocessing = 0;
			shellPath = /bin/sh;
			shellScript = "\"${SRCROOT}/Pods/Target Support Files/Pods-VerizonTest/Pods-VerizonTest-frameworks.sh\"\n";
			showEnvVarsInLog = 0;
		};
		D5C1EC74ED83441DC37FF0C0 /* [CP] Copy Pods Resources */ = {
			isa = PBXShellScriptBuildPhase;
			buildActionMask = 2147483647;
			files = (
			);
			inputPaths = (
			);
			name = "[CP] Copy Pods Resources";
			outputPaths = (
			);
			runOnlyForDeploymentPostprocessing = 0;
			shellPath = /bin/sh;
			shellScript = "\"${SRCROOT}/Pods/Target Support Files/Pods-VerizonTest/Pods-VerizonTest-resources.sh\"\n";
			showEnvVarsInLog = 0;
		};
/* End PBXShellScriptBuildPhase section */

/* Begin PBXSourcesBuildPhase section */
		C12429611D19F2BB00CEABBF /* Sources */ = {
			isa = PBXSourcesBuildPhase;
			buildActionMask = 2147483647;
			files = (
				C12429A41D19F50D00CEABBF /* Cubenado.cpp in Sources */,
				C12429AD1D19FEE100CEABBF /* Node.cpp in Sources */,
				C124296D1D19F2BB00CEABBF /* AppDelegate.mm in Sources */,
				C12429B01D19FEF300CEABBF /* Camera.cpp in Sources */,
				C149C18D1D2338A700988F89 /* MeshGeometry.cpp in Sources */,
				C12429741D19F2BB00CEABBF /* GameViewController.mm in Sources */,
				C124296A1D19F2BB00CEABBF /* main.m in Sources */,
				C1242DDD1D1B311000CEABBF /* AbstractDecorator.cpp in Sources */,
				C19DF49F1D63539300AEA119 /* AbstractFrameBuffer.cpp in Sources */,
				C149C1801D221A1F00988F89 /* Geometry.cpp in Sources */,
				C183AB331D5EC6AF00EAB8AB /* MaterialProperty.cpp in Sources */,
				C1242DD91D1A1FFD00CEABBF /* Scene.cpp in Sources */,
				C12429A71D19FE8F00CEABBF /* Shader.cpp in Sources */,
				C19DF4A21D65F19600AEA119 /* SceneFrameBuffer.cpp in Sources */,
				C183AB301D5EC29700EAB8AB /* Material.cpp in Sources */,
			);
			runOnlyForDeploymentPostprocessing = 0;
		};
		C124297E1D19F2BB00CEABBF /* Sources */ = {
			isa = PBXSourcesBuildPhase;
			buildActionMask = 2147483647;
			files = (
				C12429871D19F2BB00CEABBF /* VerizonTestTests.m in Sources */,
			);
			runOnlyForDeploymentPostprocessing = 0;
		};
		C12429891D19F2BB00CEABBF /* Sources */ = {
			isa = PBXSourcesBuildPhase;
			buildActionMask = 2147483647;
			files = (
				C12429921D19F2BB00CEABBF /* VerizonTestUITests.m in Sources */,
			);
			runOnlyForDeploymentPostprocessing = 0;
		};
/* End PBXSourcesBuildPhase section */

/* Begin PBXTargetDependency section */
		C12429841D19F2BB00CEABBF /* PBXTargetDependency */ = {
			isa = PBXTargetDependency;
			target = C12429641D19F2BB00CEABBF /* VerizonTest */;
			targetProxy = C12429831D19F2BB00CEABBF /* PBXContainerItemProxy */;
		};
		C124298F1D19F2BB00CEABBF /* PBXTargetDependency */ = {
			isa = PBXTargetDependency;
			target = C12429641D19F2BB00CEABBF /* VerizonTest */;
			targetProxy = C124298E1D19F2BB00CEABBF /* PBXContainerItemProxy */;
		};
/* End PBXTargetDependency section */

/* Begin PBXVariantGroup section */
		C12429751D19F2BB00CEABBF /* Main.storyboard */ = {
			isa = PBXVariantGroup;
			children = (
				C12429761D19F2BB00CEABBF /* Base */,
			);
			name = Main.storyboard;
			sourceTree = "<group>";
		};
		C124297A1D19F2BB00CEABBF /* LaunchScreen.storyboard */ = {
			isa = PBXVariantGroup;
			children = (
				C124297B1D19F2BB00CEABBF /* Base */,
			);
			name = LaunchScreen.storyboard;
			sourceTree = "<group>";
		};
/* End PBXVariantGroup section */

/* Begin XCBuildConfiguration section */
		C12429941D19F2BB00CEABBF /* Debug */ = {
			isa = XCBuildConfiguration;
			buildSettings = {
				ALWAYS_SEARCH_USER_PATHS = NO;
				CLANG_ANALYZER_NONNULL = YES;
				CLANG_CXX_LANGUAGE_STANDARD = "gnu++0x";
				CLANG_CXX_LIBRARY = "libc++";
				CLANG_ENABLE_MODULES = YES;
				CLANG_ENABLE_OBJC_ARC = YES;
				CLANG_WARN_BOOL_CONVERSION = YES;
				CLANG_WARN_CONSTANT_CONVERSION = YES;
				CLANG_WARN_DIRECT_OBJC_ISA_USAGE = YES_ERROR;
				CLANG_WARN_EMPTY_BODY = YES;
				CLANG_WARN_ENUM_CONVERSION = YES;
				CLANG_WARN_INT_CONVERSION = YES;
				CLANG_WARN_OBJC_ROOT_CLASS = YES_ERROR;
				CLANG_WARN_UNREACHABLE_CODE = YES;
				CLANG_WARN__DUPLICATE_METHOD_MATCH = YES;
				"CODE_SIGN_IDENTITY[sdk=iphoneos*]" = "iPhone Developer";
				COPY_PHASE_STRIP = NO;
				DEBUG_INFORMATION_FORMAT = "dwarf-with-dsym";
				ENABLE_STRICT_OBJC_MSGSEND = YES;
				ENABLE_TESTABILITY = YES;
				GCC_C_LANGUAGE_STANDARD = gnu99;
				GCC_DYNAMIC_NO_PIC = NO;
				GCC_NO_COMMON_BLOCKS = YES;
				GCC_OPTIMIZATION_LEVEL = 0;
				GCC_PREPROCESSOR_DEFINITIONS = (
					"DEBUG=1",
					"$(inherited)",
				);
				GCC_WARN_64_TO_32_BIT_CONVERSION = YES;
				GCC_WARN_ABOUT_RETURN_TYPE = YES_ERROR;
				GCC_WARN_UNDECLARED_SELECTOR = YES;
				GCC_WARN_UNINITIALIZED_AUTOS = YES_AGGRESSIVE;
				GCC_WARN_UNUSED_FUNCTION = YES;
				GCC_WARN_UNUSED_VARIABLE = YES;
				IPHONEOS_DEPLOYMENT_TARGET = 9.3;
				MTL_ENABLE_DEBUG_INFO = YES;
				ONLY_ACTIVE_ARCH = YES;
				SDKROOT = iphoneos;
			};
			name = Debug;
		};
		C12429951D19F2BB00CEABBF /* Release */ = {
			isa = XCBuildConfiguration;
			buildSettings = {
				ALWAYS_SEARCH_USER_PATHS = NO;
				CLANG_ANALYZER_NONNULL = YES;
				CLANG_CXX_LANGUAGE_STANDARD = "gnu++0x";
				CLANG_CXX_LIBRARY = "libc++";
				CLANG_ENABLE_MODULES = YES;
				CLANG_ENABLE_OBJC_ARC = YES;
				CLANG_WARN_BOOL_CONVERSION = YES;
				CLANG_WARN_CONSTANT_CONVERSION = YES;
				CLANG_WARN_DIRECT_OBJC_ISA_USAGE = YES_ERROR;
				CLANG_WARN_EMPTY_BODY = YES;
				CLANG_WARN_ENUM_CONVERSION = YES;
				CLANG_WARN_INT_CONVERSION = YES;
				CLANG_WARN_OBJC_ROOT_CLASS = YES_ERROR;
				CLANG_WARN_UNREACHABLE_CODE = YES;
				CLANG_WARN__DUPLICATE_METHOD_MATCH = YES;
				"CODE_SIGN_IDENTITY[sdk=iphoneos*]" = "iPhone Developer";
				COPY_PHASE_STRIP = NO;
				DEBUG_INFORMATION_FORMAT = "dwarf-with-dsym";
				ENABLE_NS_ASSERTIONS = NO;
				ENABLE_STRICT_OBJC_MSGSEND = YES;
				GCC_C_LANGUAGE_STANDARD = gnu99;
				GCC_NO_COMMON_BLOCKS = YES;
				GCC_WARN_64_TO_32_BIT_CONVERSION = YES;
				GCC_WARN_ABOUT_RETURN_TYPE = YES_ERROR;
				GCC_WARN_UNDECLARED_SELECTOR = YES;
				GCC_WARN_UNINITIALIZED_AUTOS = YES_AGGRESSIVE;
				GCC_WARN_UNUSED_FUNCTION = YES;
				GCC_WARN_UNUSED_VARIABLE = YES;
				IPHONEOS_DEPLOYMENT_TARGET = 9.3;
				MTL_ENABLE_DEBUG_INFO = NO;
				SDKROOT = iphoneos;
				VALIDATE_PRODUCT = YES;
			};
			name = Release;
		};
		C12429971D19F2BB00CEABBF /* Debug */ = {
			isa = XCBuildConfiguration;
			baseConfigurationReference = C7A9C7528DDDC86DAAD0C386 /* Pods-VerizonTest.debug.xcconfig */;
			buildSettings = {
				ASSETCATALOG_COMPILER_APPICON_NAME = AppIcon;
				DEVELOPMENT_TEAM = SRBQ5SCF5X;
				ENABLE_BITCODE = NO;
				HEADER_SEARCH_PATHS = (
					"$(inherited)",
					"\"${PODS_ROOT}/Headers/Public\"",
					"\"${PODS_ROOT}/Headers/Public/GVRSDK\"",
					"\"$(SRCROOT)/VerizonTest/src/glm\"",
				);
				INFOPLIST_FILE = VerizonTest/Info.plist;
				LD_RUNPATH_SEARCH_PATHS = "$(inherited) @executable_path/Frameworks";
				PRODUCT_BUNDLE_IDENTIFIER = com.njligames.VerizonTest;
				PRODUCT_NAME = "$(TARGET_NAME)";
			};
			name = Debug;
		};
		C12429981D19F2BB00CEABBF /* Release */ = {
			isa = XCBuildConfiguration;
			baseConfigurationReference = C5BBBB5F935C45E7A9F8EA84 /* Pods-VerizonTest.release.xcconfig */;
			buildSettings = {
				ASSETCATALOG_COMPILER_APPICON_NAME = AppIcon;
				DEVELOPMENT_TEAM = SRBQ5SCF5X;
				ENABLE_BITCODE = NO;
				HEADER_SEARCH_PATHS = (
					"$(inherited)",
					"\"${PODS_ROOT}/Headers/Public\"",
					"\"${PODS_ROOT}/Headers/Public/GVRSDK\"",
					"\"$(SRCROOT)/VerizonTest/src/glm\"",
				);
				INFOPLIST_FILE = VerizonTest/Info.plist;
				LD_RUNPATH_SEARCH_PATHS = "$(inherited) @executable_path/Frameworks";
				PRODUCT_BUNDLE_IDENTIFIER = com.njligames.VerizonTest;
				PRODUCT_NAME = "$(TARGET_NAME)";
			};
			name = Release;
		};
		C124299A1D19F2BB00CEABBF /* Debug */ = {
			isa = XCBuildConfiguration;
			buildSettings = {
				BUNDLE_LOADER = "$(TEST_HOST)";
				DEBUG_INFORMATION_FORMAT = dwarf;
				INFOPLIST_FILE = VerizonTestTests/Info.plist;
				LD_RUNPATH_SEARCH_PATHS = "$(inherited) @executable_path/Frameworks @loader_path/Frameworks";
				PRODUCT_BUNDLE_IDENTIFIER = com.njligames.VerizonTestTests;
				PRODUCT_NAME = "$(TARGET_NAME)";
				TEST_HOST = "$(BUILT_PRODUCTS_DIR)/VerizonTest.app/VerizonTest";
			};
			name = Debug;
		};
		C124299B1D19F2BB00CEABBF /* Release */ = {
			isa = XCBuildConfiguration;
			buildSettings = {
				BUNDLE_LOADER = "$(TEST_HOST)";
				INFOPLIST_FILE = VerizonTestTests/Info.plist;
				LD_RUNPATH_SEARCH_PATHS = "$(inherited) @executable_path/Frameworks @loader_path/Frameworks";
				PRODUCT_BUNDLE_IDENTIFIER = com.njligames.VerizonTestTests;
				PRODUCT_NAME = "$(TARGET_NAME)";
				TEST_HOST = "$(BUILT_PRODUCTS_DIR)/VerizonTest.app/VerizonTest";
			};
			name = Release;
		};
		C124299D1D19F2BB00CEABBF /* Debug */ = {
			isa = XCBuildConfiguration;
			buildSettings = {
				DEBUG_INFORMATION_FORMAT = dwarf;
				INFOPLIST_FILE = VerizonTestUITests/Info.plist;
				LD_RUNPATH_SEARCH_PATHS = "$(inherited) @executable_path/Frameworks @loader_path/Frameworks";
				PRODUCT_BUNDLE_IDENTIFIER = com.njligames.VerizonTestUITests;
				PRODUCT_NAME = "$(TARGET_NAME)";
				TEST_TARGET_NAME = VerizonTest;
			};
			name = Debug;
		};
		C124299E1D19F2BB00CEABBF /* Release */ = {
			isa = XCBuildConfiguration;
			buildSettings = {
				INFOPLIST_FILE = VerizonTestUITests/Info.plist;
				LD_RUNPATH_SEARCH_PATHS = "$(inherited) @executable_path/Frameworks @loader_path/Frameworks";
				PRODUCT_BUNDLE_IDENTIFIER = com.njligames.VerizonTestUITests;
				PRODUCT_NAME = "$(TARGET_NAME)";
				TEST_TARGET_NAME = VerizonTest;
			};
			name = Release;
		};
/* End XCBuildConfiguration section */

/* Begin XCConfigurationList section */
		C12429601D19F2BB00CEABBF /* Build configuration list for PBXProject "VerizonTest" */ = {
			isa = XCConfigurationList;
			buildConfigurations = (
				C12429941D19F2BB00CEABBF /* Debug */,
				C12429951D19F2BB00CEABBF /* Release */,
			);
			defaultConfigurationIsVisible = 0;
			defaultConfigurationName = Release;
		};
		C12429961D19F2BB00CEABBF /* Build configuration list for PBXNativeTarget "VerizonTest" */ = {
			isa = XCConfigurationList;
			buildConfigurations = (
				C12429971D19F2BB00CEABBF /* Debug */,
				C12429981D19F2BB00CEABBF /* Release */,
			);
			defaultConfigurationIsVisible = 0;
			defaultConfigurationName = Release;
		};
		C12429991D19F2BB00CEABBF /* Build configuration list for PBXNativeTarget "VerizonTestTests" */ = {
			isa = XCConfigurationList;
			buildConfigurations = (
				C124299A1D19F2BB00CEABBF /* Debug */,
				C124299B1D19F2BB00CEABBF /* Release */,
			);
			defaultConfigurationIsVisible = 0;
			defaultConfigurationName = Release;
		};
		C124299C1D19F2BB00CEABBF /* Build configuration list for PBXNativeTarget "VerizonTestUITests" */ = {
			isa = XCConfigurationList;
			buildConfigurations = (
				C124299D1D19F2BB00CEABBF /* Debug */,
				C124299E1D19F2BB00CEABBF /* Release */,
			);
			defaultConfigurationIsVisible = 0;
			defaultConfigurationName = Release;
		};
/* End XCConfigurationList section */
	};
	rootObject = C124295D1D19F2BB00CEABBF /* Project object */;
}
